{
  "version": 4,
  "terraform_version": "1.11.3",
  "serial": 16,
  "lineage": "ea864091-892c-3917-781d-1a53635c9c87",
  "outputs": {},
  "resources": [
    {
      "mode": "data",
      "type": "aws_s3_bucket",
      "name": "bucket",
      "provider": "provider[\"registry.terraform.io/hashicorp/aws\"]",
      "instances": [
        {
          "schema_version": 0,
          "attributes": {
            "arn": "arn:aws:s3:::rocketseat-bucket-iac-default373563",
            "bucket": "rocketseat-bucket-iac-default373563",
            "bucket_domain_name": "rocketseat-bucket-iac-default373563.s3.amazonaws.com",
            "bucket_regional_domain_name": "rocketseat-bucket-iac-default373563.s3.us-east-1.amazonaws.com",
            "hosted_zone_id": "Z3AQBSTGFYJSTF",
            "id": "rocketseat-bucket-iac-default373563",
            "region": "us-east-1",
            "website_domain": null,
            "website_endpoint": null
          },
          "sensitive_attributes": []
        }
      ]
    },
    {
      "mode": "managed",
      "type": "aws_s3_bucket",
      "name": "s3_bucket",
      "provider": "provider[\"registry.terraform.io/hashicorp/aws\"]",
      "instances": [
        {
          "schema_version": 0,
          "attributes": {
            "acceleration_status": "",
            "acl": null,
            "arn": "arn:aws:s3:::rocketseat-bucket-iac-default373563",
            "bucket": "rocketseat-bucket-iac-default373563",
            "bucket_domain_name": "rocketseat-bucket-iac-default373563.s3.amazonaws.com",
            "bucket_prefix": "",
            "bucket_regional_domain_name": "rocketseat-bucket-iac-default373563.s3.us-east-1.amazonaws.com",
            "cors_rule": [],
            "force_destroy": false,
            "grant": [
              {
                "id": "30242cff6a78fb4d5ca8311e0ca2485e5312a476fe7ffae0704e7e3805b9d04f",
                "permissions": [
                  "FULL_CONTROL"
                ],
                "type": "CanonicalUser",
                "uri": ""
              }
            ],
            "hosted_zone_id": "Z3AQBSTGFYJSTF",
            "id": "rocketseat-bucket-iac-default373563",
            "lifecycle_rule": [],
            "logging": [],
            "object_lock_configuration": [],
            "object_lock_enabled": false,
            "policy": "",
            "region": "us-east-1",
            "replication_configuration": [],
            "request_payer": "BucketOwner",
            "server_side_encryption_configuration": [
              {
                "rule": [
                  {
                    "apply_server_side_encryption_by_default": [
                      {
                        "kms_master_key_id": "",
                        "sse_algorithm": "AES256"
                      }
                    ],
                    "bucket_key_enabled": false
                  }
                ]
              }
            ],
            "tags": {
              "Context": "default",
              "CreatedAt": "2023-10-01",
              "CreatedBy": "Terraform",
              "Description": "This is my first bucket created with Terraform",
              "Environment": "Development",
              "Iac": "true",
              "Name": "First-bucket",
              "Owner": "Victor",
              "Project": "Terraform",
              "Team": "DevOps",
              "Version": "1.0"
            },
            "tags_all": {
              "Context": "default",
              "CreatedAt": "2023-10-01",
              "CreatedBy": "Terraform",
              "Description": "This is my first bucket created with Terraform",
              "Environment": "Development",
              "Iac": "true",
              "Name": "First-bucket",
              "Owner": "Victor",
              "Project": "Terraform",
              "Team": "DevOps",
              "Version": "1.0"
            },
            "timeouts": null,
            "versioning": [
              {
                "enabled": false,
                "mfa_delete": false
              }
            ],
            "website": [],
            "website_domain": null,
            "website_endpoint": null
          },
          "sensitive_attributes": [],
          "private": "eyJlMmJmYjczMC1lY2FhLTExZTYtOGY4OC0zNDM2M2JjN2M0YzAiOnsiY3JlYXRlIjoxMjAwMDAwMDAwMDAwLCJkZWxldGUiOjM2MDAwMDAwMDAwMDAsInJlYWQiOjEyMDAwMDAwMDAwMDAsInVwZGF0ZSI6MTIwMDAwMDAwMDAwMH19"
        }
      ]
    }
  ],
  "check_results": null
}
